{
    "_readme": [
        "This file locks the dependencies of your project to a known state",
        "Read more about it at https://getcomposer.org/doc/01-basic-usage.md#composer-lock-the-lock-file",
        "This file is @generated automatically"
    ],
    "content-hash": "b054db841527c27953c4b4471fb9bc45",
    "packages": [
        {
            "name": "phalcon/breadcrumbs",
            "version": "v1.3.3",
            "source": {
                "type": "git",
                "url": "https://github.com/phalcon/breadcrumbs.git",
                "reference": "fadf6277d4773573baccd4357f6fc60ca8f2e18d"
            },
            "dist": {
                "type": "zip",
                "url": "https://api.github.com/repos/phalcon/breadcrumbs/zipball/fadf6277d4773573baccd4357f6fc60ca8f2e18d",
                "reference": "fadf6277d4773573baccd4357f6fc60ca8f2e18d",
                "shasum": ""
            },
            "require": {
                "ext-phalcon": ">=2.0 <4.0",
                "php": ">= 5.5 <7.2"
            },
            "require-dev": {
                "codeception/codeception": "^2.3",
                "codeception/specify": "^0.4",
                "codeception/verify": "^0.3",
                "myclabs/deep-copy": "1.6.1",
                "phpdocumentor/reflection-docblock": "^2.0",
                "phpunit/phpunit": "^4.8",
                "squizlabs/php_codesniffer": "^2.8"
            },
            "type": "library",
            "autoload": {
                "psr-4": {
                    "Phalcon\\": "src/"
                }
            },
            "notification-url": "https://packagist.org/downloads/",
            "license": [
                "BSD-3-Clause"
            ],
            "authors": [
                {
                    "name": "Phalcon Team",
                    "email": "team@phalconphp.com",
                    "homepage": "https://phalconphp.com/en/team"
                },
                {
                    "name": "Contributors",
                    "homepage": "https://github.com/phalcon/breadcrumbs/graphs/contributors"
                }
            ],
            "description": "Powerful and flexible component for building site breadcrumbs in Phalcon 2+.",
            "homepage": "https://github.com/phalcon/breadcrumbs",
            "keywords": [
                "breadcrumbs",
                "crumbs",
                "phalcon"
            ],
            "time": "2017-10-21T19:44:15+00:00"
        }
    ],
    "packages-dev": [],
    "aliases": [],
    "minimum-stability": "stable",
    "stability-flags": [],
    "prefer-stable": false,
    "prefer-lowest": false,
    "platform": [],
    "platform-dev": []
}
